
Microsoft Visual Studio Solution File, Format Version 12.00
# Visual Studio 14
VisualStudioVersion = 14.0.25420.1
MinimumVisualStudioVersion = 10.0.40219.1
Project("{FAE04EC0-301F-11D3-BF4B-00C04F79EFBC}") = "MessageAdapter.Person", "MessageAdapter\MessageAdapter.Person.csproj", "{696C8A88-7B3F-4665-AC5A-CE83B4F40262}"
EndProject
Project("{FAE04EC0-301F-11D3-BF4B-00C04F79EFBC}") = "MessageAdapter.Profile", "MessageAdapter.Profile\MessageAdapter.Profile.csproj", "{6F143E17-9B4C-4DD5-8E1F-C83CFB193E16}"
EndProject
Project("{FAE04EC0-301F-11D3-BF4B-00C04F79EFBC}") = "MessageAdapter.Tests", "MessageAdapter.Tests\MessageAdapter.Tests.csproj", "{61767344-A9A9-4C69-876F-78B7A29FD2E0}"
EndProject
Project("{FAE04EC0-301F-11D3-BF4B-00C04F79EFBC}") = "MessageAdapter.AddABook", "MessageAdapter.AddABook\MessageAdapter.AddABook.csproj", "{0F1FE073-5FBF-4451-BC7B-7FAA25A6D259}"
EndProject
Project("{FAE04EC0-301F-11D3-BF4B-00C04F79EFBC}") = "MessageAdapter.Interfaces", "MessageAdapter.Interfaces\MessageAdapter.Interfaces.csproj", "{90470D1A-6459-4261-8FBF-29E230BADE3C}"
EndProject
Global
	GlobalSection(SolutionConfigurationPlatforms) = preSolution
		Debug|Any CPU = Debug|Any CPU
		Release|Any CPU = Release|Any CPU
	EndGlobalSection
	GlobalSection(ProjectConfigurationPlatforms) = postSolution
		{696C8A88-7B3F-4665-AC5A-CE83B4F40262}.Debug|Any CPU.ActiveCfg = Debug|Any CPU
		{696C8A88-7B3F-4665-AC5A-CE83B4F40262}.Debug|Any CPU.Build.0 = Debug|Any CPU
		{696C8A88-7B3F-4665-AC5A-CE83B4F40262}.Release|Any CPU.ActiveCfg = Release|Any CPU
		{696C8A88-7B3F-4665-AC5A-CE83B4F40262}.Release|Any CPU.Build.0 = Release|Any CPU
		{6F143E17-9B4C-4DD5-8E1F-C83CFB193E16}.Debug|Any CPU.ActiveCfg = Debug|Any CPU
		{6F143E17-9B4C-4DD5-8E1F-C83CFB193E16}.Debug|Any CPU.Build.0 = Debug|Any CPU
		{6F143E17-9B4C-4DD5-8E1F-C83CFB193E16}.Release|Any CPU.ActiveCfg = Release|Any CPU
		{6F143E17-9B4C-4DD5-8E1F-C83CFB193E16}.Release|Any CPU.Build.0 = Release|Any CPU
		{61767344-A9A9-4C69-876F-78B7A29FD2E0}.Debug|Any CPU.ActiveCfg = Debug|Any CPU
		{61767344-A9A9-4C69-876F-78B7A29FD2E0}.Debug|Any CPU.Build.0 = Debug|Any CPU
		{61767344-A9A9-4C69-876F-78B7A29FD2E0}.Release|Any CPU.ActiveCfg = Release|Any CPU
		{61767344-A9A9-4C69-876F-78B7A29FD2E0}.Release|Any CPU.Build.0 = Release|Any CPU
		{0F1FE073-5FBF-4451-BC7B-7FAA25A6D259}.Debug|Any CPU.ActiveCfg = Debug|Any CPU
		{0F1FE073-5FBF-4451-BC7B-7FAA25A6D259}.Debug|Any CPU.Build.0 = Debug|Any CPU
		{0F1FE073-5FBF-4451-BC7B-7FAA25A6D259}.Release|Any CPU.ActiveCfg = Release|Any CPU
		{0F1FE073-5FBF-4451-BC7B-7FAA25A6D259}.Release|Any CPU.Build.0 = Release|Any CPU
		{90470D1A-6459-4261-8FBF-29E230BADE3C}.Debug|Any CPU.ActiveCfg = Debug|Any CPU
		{90470D1A-6459-4261-8FBF-29E230BADE3C}.Debug|Any CPU.Build.0 = Debug|Any CPU
		{90470D1A-6459-4261-8FBF-29E230BADE3C}.Release|Any CPU.ActiveCfg = Release|Any CPU
		{90470D1A-6459-4261-8FBF-29E230BADE3C}.Release|Any CPU.Build.0 = Release|Any CPU
	EndGlobalSection
	GlobalSection(SolutionProperties) = preSolution
		HideSolutionNode = FALSE
	EndGlobalSection
EndGlobal
